
Microsoft Visual Studio Solution File, Format Version 12.00
# Visual Studio Version 17
VisualStudioVersion = 17.12.35707.178 d17.12
MinimumVisualStudioVersion = 10.0.40219.1
Project("{FAE04EC0-301F-11D3-BF4B-00C04F79EFBC}") = "AM.UI.console", "AM.UI.console\AM.UI.console.csproj", "{59190C2A-448D-4E55-A590-910FBB4AD898}"
EndProject
Project("{FAE04EC0-301F-11D3-BF4B-00C04F79EFBC}") = "AM.APPLICATION.core", "AM.APPLICATION.core\AM.APPLICATION.core.csproj", "{1065B472-65BF-46CC-90BF-4A02FA8AAB78}"
EndProject
Global
	GlobalSection(SolutionConfigurationPlatforms) = preSolution
		Debug|Any CPU = Debug|Any CPU
		Release|Any CPU = Release|Any CPU
	EndGlobalSection
	GlobalSection(ProjectConfigurationPlatforms) = postSolution
		{59190C2A-448D-4E55-A590-910FBB4AD898}.Debug|Any CPU.ActiveCfg = Debug|Any CPU
		{59190C2A-448D-4E55-A590-910FBB4AD898}.Debug|Any CPU.Build.0 = Debug|Any CPU
		{59190C2A-448D-4E55-A590-910FBB4AD898}.Release|Any CPU.ActiveCfg = Release|Any CPU
		{59190C2A-448D-4E55-A590-910FBB4AD898}.Release|Any CPU.Build.0 = Release|Any CPU
		{1065B472-65BF-46CC-90BF-4A02FA8AAB78}.Debug|Any CPU.ActiveCfg = Debug|Any CPU
		{1065B472-65BF-46CC-90BF-4A02FA8AAB78}.Debug|Any CPU.Build.0 = Debug|Any CPU
		{1065B472-65BF-46CC-90BF-4A02FA8AAB78}.Release|Any CPU.ActiveCfg = Release|Any CPU
		{1065B472-65BF-46CC-90BF-4A02FA8AAB78}.Release|Any CPU.Build.0 = Release|Any CPU
	EndGlobalSection
	GlobalSection(SolutionProperties) = preSolution
		HideSolutionNode = FALSE
	EndGlobalSection
EndGlobal
